
Microsoft Visual Studio Solution File, Format Version 12.00
# Visual Studio Version 16
VisualStudioVersion = 16.0.31005.135
MinimumVisualStudioVersion = 10.0.40219.1
Project("{FAE04EC0-301F-11D3-BF4B-00C04F79EFBC}") = "simulare1", "simulare1\simulare1.csproj", "{8A2370E4-5D07-49BF-98CC-C096567D2B09}"
EndProject
Global
	GlobalSection(SolutionConfigurationPlatforms) = preSolution
		Debug|Any CPU = Debug|Any CPU
		Release|Any CPU = Release|Any CPU
	EndGlobalSection
	GlobalSection(ProjectConfigurationPlatforms) = postSolution
		{8A2370E4-5D07-49BF-98CC-C096567D2B09}.Debug|Any CPU.ActiveCfg = Debug|Any CPU
		{8A2370E4-5D07-49BF-98CC-C096567D2B09}.Debug|Any CPU.Build.0 = Debug|Any CPU
		{8A2370E4-5D07-49BF-98CC-C096567D2B09}.Release|Any CPU.ActiveCfg = Release|Any CPU
		{8A2370E4-5D07-49BF-98CC-C096567D2B09}.Release|Any CPU.Build.0 = Release|Any CPU
	EndGlobalSection
	GlobalSection(SolutionProperties) = preSolution
		HideSolutionNode = FALSE
	EndGlobalSection
	GlobalSection(ExtensibilityGlobals) = postSolution
		SolutionGuid = {F7135578-2EFA-43DD-A368-7B32AA6CC85C}
	EndGlobalSection
EndGlobal
